# This file was autogenerated by Stack.
# You should not edit this file by hand.
# For more information, please see the documentation at:
#   https://docs.haskellstack.org/en/stable/lock_files

packages:
- completed:
    size: 27775608
    subdir: lib/amazonka
    url: https://github.com/brendanhay/amazonka/archive/f73a957d05f64863e867cf39d0db260718f0fadd.tar.gz
    name: amazonka
    version: '2.0'
    sha256: 14aeaa9f748f7ac03683e8a8126760ed16aa82152404a96c0333b582444cd381
    pantry-tree:
      size: 1257
      sha256: 0257a27c3332e400abc0f4a38f7a875c4a2a04b03ac342d7481e19d9d5665040
  original:
    subdir: lib/amazonka
    url: https://github.com/brendanhay/amazonka/archive/f73a957d05f64863e867cf39d0db260718f0fadd.tar.gz
- completed:
    size: 27775608
    subdir: lib/amazonka-core
    url: https://github.com/brendanhay/amazonka/archive/f73a957d05f64863e867cf39d0db260718f0fadd.tar.gz
    name: amazonka-core
    version: '2.0'
    sha256: 14aeaa9f748f7ac03683e8a8126760ed16aa82152404a96c0333b582444cd381
    pantry-tree:
      size: 3117
      sha256: 2eadbad33f65f20781409c4de9faee04e7e4baa92906db696b78689f53de0a83
  original:
    subdir: lib/amazonka-core
    url: https://github.com/brendanhay/amazonka/archive/f73a957d05f64863e867cf39d0db260718f0fadd.tar.gz
- completed:
    size: 27775608
    subdir: lib/services/amazonka-autoscaling
    url: https://github.com/brendanhay/amazonka/archive/f73a957d05f64863e867cf39d0db260718f0fadd.tar.gz
    name: amazonka-autoscaling
    version: '2.0'
    sha256: 14aeaa9f748f7ac03683e8a8126760ed16aa82152404a96c0333b582444cd381
    pantry-tree:
      size: 22575
      sha256: 6ab90ee4e550a1235a18e7ef4e890db38e7e09ebcff9e5567734c89a70f89c49
  original:
    subdir: lib/services/amazonka-autoscaling
    url: https://github.com/brendanhay/amazonka/archive/f73a957d05f64863e867cf39d0db260718f0fadd.tar.gz
- completed:
    size: 27775608
    subdir: lib/services/amazonka-ecs
    url: https://github.com/brendanhay/amazonka/archive/f73a957d05f64863e867cf39d0db260718f0fadd.tar.gz
    name: amazonka-ecs
    version: '2.0'
    sha256: 14aeaa9f748f7ac03683e8a8126760ed16aa82152404a96c0333b582444cd381
    pantry-tree:
      size: 23534
      sha256: dde2e3f64a4b08454cc6777c07694a7aaf9a88cd9ebe7c16968f730caea3b294
  original:
    subdir: lib/services/amazonka-ecs
    url: https://github.com/brendanhay/amazonka/archive/f73a957d05f64863e867cf39d0db260718f0fadd.tar.gz
- completed:
    size: 27775608
    subdir: lib/services/amazonka-sqs
    url: https://github.com/brendanhay/amazonka/archive/f73a957d05f64863e867cf39d0db260718f0fadd.tar.gz
    name: amazonka-sqs
    version: '2.0'
    sha256: 14aeaa9f748f7ac03683e8a8126760ed16aa82152404a96c0333b582444cd381
    pantry-tree:
      size: 6376
      sha256: 75cc731a0b471b03aa224677552944fb0c4ea1330bfc58504e0af5efdf8b330c
  original:
    subdir: lib/services/amazonka-sqs
    url: https://github.com/brendanhay/amazonka/archive/f73a957d05f64863e867cf39d0db260718f0fadd.tar.gz
- completed:
    size: 27775608
    subdir: lib/services/amazonka-sso
    url: https://github.com/brendanhay/amazonka/archive/f73a957d05f64863e867cf39d0db260718f0fadd.tar.gz
    name: amazonka-sso
    version: '2.0'
    sha256: 14aeaa9f748f7ac03683e8a8126760ed16aa82152404a96c0333b582444cd381
    pantry-tree:
      size: 1869
      sha256: f11babeeaf0481ae68134ced86e9d1d9396d1beb7bd70e0a1e6b77bc4148a192
  original:
    subdir: lib/services/amazonka-sso
    url: https://github.com/brendanhay/amazonka/archive/f73a957d05f64863e867cf39d0db260718f0fadd.tar.gz
- completed:
    size: 27775608
    subdir: lib/services/amazonka-sts
    url: https://github.com/brendanhay/amazonka/archive/f73a957d05f64863e867cf39d0db260718f0fadd.tar.gz
    name: amazonka-sts
    version: '2.0'
    sha256: 14aeaa9f748f7ac03683e8a8126760ed16aa82152404a96c0333b582444cd381
    pantry-tree:
      size: 2932
      sha256: 64ed22eaaea868b32cf56f162d1bd7332b048d8f2ea073c4e9827ed08e71cc70
  original:
    subdir: lib/services/amazonka-sts
    url: https://github.com/brendanhay/amazonka/archive/f73a957d05f64863e867cf39d0db260718f0fadd.tar.gz
- completed:
    size: 18146
    url: https://github.com/LeapYear/monad-validate/archive/5b181b7c57d6e2c975c533b0a0072e9aeb15fb99.tar.gz
    name: monad-validate
    version: 1.2.0.0
    sha256: 3cf178595f6dee0cbf73d1263327b38f69df1e9ae406429e4252be634fa88f1e
    pantry-tree:
      size: 869
      sha256: 2520040223ec05c14da5f1d2ac7a38e5ed2caf0ec307bce4566924da54c28166
  original:
    url: https://github.com/LeapYear/monad-validate/archive/5b181b7c57d6e2c975c533b0a0072e9aeb15fb99.tar.gz
snapshots:
- completed:
    size: 618506
    url: https://raw.githubusercontent.com/commercialhaskell/stackage-snapshots/master/lts/19/8.yaml
    sha256: f1c4aca9b9b81afbb9db55571acb0690cdc01ac97a178234de281f9dc075e95e
  original: lts-19.8
